
Microsoft Visual Studio Solution File, Format Version 12.00
Project("{FAE04EC0-301F-11D3-BF4B-00C04F79EFBC}") = "eCommerceApp.Domain", "eCommerceApp.Domain\eCommerceApp.Domain.csproj", "{4361EEB0-400A-421E-AE11-D4D47673E65E}"
EndProject
Project("{FAE04EC0-301F-11D3-BF4B-00C04F79EFBC}") = "eCommerceApp.Application", "eCommerceApp.Application\eCommerceApp.Application.csproj", "{264A5286-BE50-415D-9881-F5425355075D}"
EndProject
Project("{FAE04EC0-301F-11D3-BF4B-00C04F79EFBC}") = "eCommerceApp.Infrastructure", "eCommerceApp.Infrastructure\eCommerceApp.Infrastructure.csproj", "{31A7BF85-B09C-4555-A5B3-7DDB014FF189}"
EndProject
Global
	GlobalSection(SolutionConfigurationPlatforms) = preSolution
		Debug|Any CPU = Debug|Any CPU
		Release|Any CPU = Release|Any CPU
	EndGlobalSection
	GlobalSection(ProjectConfigurationPlatforms) = postSolution
		{4361EEB0-400A-421E-AE11-D4D47673E65E}.Debug|Any CPU.ActiveCfg = Debug|Any CPU
		{4361EEB0-400A-421E-AE11-D4D47673E65E}.Debug|Any CPU.Build.0 = Debug|Any CPU
		{4361EEB0-400A-421E-AE11-D4D47673E65E}.Release|Any CPU.ActiveCfg = Release|Any CPU
		{4361EEB0-400A-421E-AE11-D4D47673E65E}.Release|Any CPU.Build.0 = Release|Any CPU
		{264A5286-BE50-415D-9881-F5425355075D}.Debug|Any CPU.ActiveCfg = Debug|Any CPU
		{264A5286-BE50-415D-9881-F5425355075D}.Debug|Any CPU.Build.0 = Debug|Any CPU
		{264A5286-BE50-415D-9881-F5425355075D}.Release|Any CPU.ActiveCfg = Release|Any CPU
		{264A5286-BE50-415D-9881-F5425355075D}.Release|Any CPU.Build.0 = Release|Any CPU
		{31A7BF85-B09C-4555-A5B3-7DDB014FF189}.Debug|Any CPU.ActiveCfg = Debug|Any CPU
		{31A7BF85-B09C-4555-A5B3-7DDB014FF189}.Debug|Any CPU.Build.0 = Debug|Any CPU
		{31A7BF85-B09C-4555-A5B3-7DDB014FF189}.Release|Any CPU.ActiveCfg = Release|Any CPU
		{31A7BF85-B09C-4555-A5B3-7DDB014FF189}.Release|Any CPU.Build.0 = Release|Any CPU
	EndGlobalSection
EndGlobal
